PODS:
  - app_links (6.4.1):
    - FlutterMacOS
  - desktop_webview_window (0.0.1):
    - FlutterMacOS
  - flutter_local_notifications (0.0.1):
    - FlutterMacOS
  - flutter_web_auth_2 (3.0.0):
    - FlutterMacOS
  - FlutterMacOS (1.0.0)
  - gal (1.0.0):
    - Flutter
    - FlutterMacOS
  - in_app_review (2.0.0):
    - FlutterMacOS
  - package_info_plus (0.0.1):
    - FlutterMacOS
  - path_provider_foundation (0.0.1):
    - Flutter
    - FlutterMacOS
  - share_plus (0.0.1):
    - FlutterMacOS
  - shared_preferences_foundation (0.0.1):
    - Flutter
    - FlutterMacOS
  - sqflite_darwin (0.0.4):
    - Flutter
    - FlutterMacOS
  - url_launcher_macos (0.0.1):
    - FlutterMacOS
  - wakelock_plus (0.0.1):
    - FlutterMacOS
  - webview_flutter_wkwebview (0.0.1):
    - Flutter
    - FlutterMacOS
  - window_to_front (0.0.1):
    - FlutterMacOS

DEPENDENCIES:
  - app_links (from `Flutter/ephemeral/.symlinks/plugins/app_links/macos`)
  - desktop_webview_window (from `Flutter/ephemeral/.symlinks/plugins/desktop_webview_window/macos`)
  - flutter_local_notifications (from `Flutter/ephemeral/.symlinks/plugins/flutter_local_notifications/macos`)
  - flutter_web_auth_2 (from `Flutter/ephemeral/.symlinks/plugins/flutter_web_auth_2/macos`)
  - FlutterMacOS (from `Flutter/ephemeral`)
  - gal (from `Flutter/ephemeral/.symlinks/plugins/gal/darwin`)
  - in_app_review (from `Flutter/ephemeral/.symlinks/plugins/in_app_review/macos`)
  - package_info_plus (from `Flutter/ephemeral/.symlinks/plugins/package_info_plus/macos`)
  - path_provider_foundation (from `Flutter/ephemeral/.symlinks/plugins/path_provider_foundation/darwin`)
  - share_plus (from `Flutter/ephemeral/.symlinks/plugins/share_plus/macos`)
  - shared_preferences_foundation (from `Flutter/ephemeral/.symlinks/plugins/shared_preferences_foundation/darwin`)
  - sqflite_darwin (from `Flutter/ephemeral/.symlinks/plugins/sqflite_darwin/darwin`)
  - url_launcher_macos (from `Flutter/ephemeral/.symlinks/plugins/url_launcher_macos/macos`)
  - wakelock_plus (from `Flutter/ephemeral/.symlinks/plugins/wakelock_plus/macos`)
  - webview_flutter_wkwebview (from `Flutter/ephemeral/.symlinks/plugins/webview_flutter_wkwebview/darwin`)
  - window_to_front (from `Flutter/ephemeral/.symlinks/plugins/window_to_front/macos`)

EXTERNAL SOURCES:
  app_links:
    :path: Flutter/ephemeral/.symlinks/plugins/app_links/macos
  desktop_webview_window:
    :path: Flutter/ephemeral/.symlinks/plugins/desktop_webview_window/macos
  flutter_local_notifications:
    :path: Flutter/ephemeral/.symlinks/plugins/flutter_local_notifications/macos
  flutter_web_auth_2:
    :path: Flutter/ephemeral/.symlinks/plugins/flutter_web_auth_2/macos
  FlutterMacOS:
    :path: Flutter/ephemeral
  gal:
    :path: Flutter/ephemeral/.symlinks/plugins/gal/darwin
  in_app_review:
    :path: Flutter/ephemeral/.symlinks/plugins/in_app_review/macos
  package_info_plus:
    :path: Flutter/ephemeral/.symlinks/plugins/package_info_plus/macos
  path_provider_foundation:
    :path: Flutter/ephemeral/.symlinks/plugins/path_provider_foundation/darwin
  share_plus:
    :path: Flutter/ephemeral/.symlinks/plugins/share_plus/macos
  shared_preferences_foundation:
    :path: Flutter/ephemeral/.symlinks/plugins/shared_preferences_foundation/darwin
  sqflite_darwin:
    :path: Flutter/ephemeral/.symlinks/plugins/sqflite_darwin/darwin
  url_launcher_macos:
    :path: Flutter/ephemeral/.symlinks/plugins/url_launcher_macos/macos
  wakelock_plus:
    :path: Flutter/ephemeral/.symlinks/plugins/wakelock_plus/macos
  webview_flutter_wkwebview:
    :path: Flutter/ephemeral/.symlinks/plugins/webview_flutter_wkwebview/darwin
  window_to_front:
    :path: Flutter/ephemeral/.symlinks/plugins/window_to_front/macos

SPEC CHECKSUMS:
  app_links: 05a6ec2341985eb05e9f97dc63f5837c39895c3f
  desktop_webview_window: 7e37af677d6d19294cb433d9b1d878ef78dffa4d
  flutter_local_notifications: 4bf37a31afde695b56091b4ae3e4d9c7a7e6cda0
  flutter_web_auth_2: 62b08da29f15a20fa63f144234622a1488d45b65
  FlutterMacOS: d0db08ddef1a9af05a5ec4b724367152bb0500b1
  gal: baecd024ebfd13c441269ca7404792a7152fde89
  in_app_review: 1a86975f350b614709d08c90e337033ccfec4c23
  package_info_plus: f0052d280d17aa382b932f399edf32507174e870
  path_provider_foundation: bb55f6dbba17d0dccd6737fe6f7f34fbd0376880
  share_plus: 510bf0af1a42cd602274b4629920c9649c52f4cc
  shared_preferences_foundation: 7036424c3d8ec98dfe75ff1667cb0cd531ec82bb
  sqflite_darwin: 20b2a3a3b70e43edae938624ce550a3cbf66a3d0
  url_launcher_macos: f87a979182d112f911de6820aefddaf56ee9fbfd
  wakelock_plus: 917609be14d812ddd9e9528876538b2263aaa03b
  webview_flutter_wkwebview: 8ebf4fded22593026f7dbff1fbff31ea98573c8d
  window_to_front: 9e76fd432e36700a197dac86a0011e49c89abe0a

PODFILE CHECKSUM: f123aa273a6e264bc3e7f1cdc07e8b0ccfdecac7

COCOAPODS: 1.16.2
